
Microsoft Visual Studio Solution File, Format Version 12.00
# Visual Studio Version 17
VisualStudioVersion = 17.3.32825.248
MinimumVisualStudioVersion = 10.0.40219.1
Project("{FAE04EC0-301F-11D3-BF4B-00C04F79EFBC}") = "VkWallReader.WebApi", "WebApi\VkWallReader.WebApi.csproj", "{F2E056A5-43E0-49BB-8A03-0A73FBBF3FB0}"
EndProject
Project("{9A19103F-16F7-4668-BE54-9A1E7A4F7556}") = "VkWallReader.DAL", "DAL\VkWallReader.DAL.csproj", "{F78A3A35-213D-4029-90E8-931B184731E7}"
EndProject
Project("{9A19103F-16F7-4668-BE54-9A1E7A4F7556}") = "VkWallReader.BLL", "BLL\VkWallReader.BLL.csproj", "{A1942E61-60E5-4F9A-B790-51F2D83EC4A9}"
EndProject
Global
	GlobalSection(SolutionConfigurationPlatforms) = preSolution
		Debug|Any CPU = Debug|Any CPU
		Release|Any CPU = Release|Any CPU
	EndGlobalSection
	GlobalSection(ProjectConfigurationPlatforms) = postSolution
		{F2E056A5-43E0-49BB-8A03-0A73FBBF3FB0}.Debug|Any CPU.ActiveCfg = Debug|Any CPU
		{F2E056A5-43E0-49BB-8A03-0A73FBBF3FB0}.Debug|Any CPU.Build.0 = Debug|Any CPU
		{F2E056A5-43E0-49BB-8A03-0A73FBBF3FB0}.Release|Any CPU.ActiveCfg = Release|Any CPU
		{F2E056A5-43E0-49BB-8A03-0A73FBBF3FB0}.Release|Any CPU.Build.0 = Release|Any CPU
		{F78A3A35-213D-4029-90E8-931B184731E7}.Debug|Any CPU.ActiveCfg = Debug|Any CPU
		{F78A3A35-213D-4029-90E8-931B184731E7}.Debug|Any CPU.Build.0 = Debug|Any CPU
		{F78A3A35-213D-4029-90E8-931B184731E7}.Release|Any CPU.ActiveCfg = Release|Any CPU
		{F78A3A35-213D-4029-90E8-931B184731E7}.Release|Any CPU.Build.0 = Release|Any CPU
		{A1942E61-60E5-4F9A-B790-51F2D83EC4A9}.Debug|Any CPU.ActiveCfg = Debug|Any CPU
		{A1942E61-60E5-4F9A-B790-51F2D83EC4A9}.Debug|Any CPU.Build.0 = Debug|Any CPU
		{A1942E61-60E5-4F9A-B790-51F2D83EC4A9}.Release|Any CPU.ActiveCfg = Release|Any CPU
		{A1942E61-60E5-4F9A-B790-51F2D83EC4A9}.Release|Any CPU.Build.0 = Release|Any CPU
	EndGlobalSection
	GlobalSection(SolutionProperties) = preSolution
		HideSolutionNode = FALSE
	EndGlobalSection
	GlobalSection(ExtensibilityGlobals) = postSolution
		SolutionGuid = {D6AC3554-054C-4819-9F4C-C82EEEAEC279}
	EndGlobalSection
EndGlobal
